
Microsoft Visual Studio Solution File, Format Version 12.00
# Visual Studio Version 16
VisualStudioVersion = 16.0.29123.88
MinimumVisualStudioVersion = 10.0.40219.1
Project("{FAE04EC0-301F-11D3-BF4B-00C04F79EFBC}") = "LesApp0", "LesApp0\LesApp0.csproj", "{06382E27-210B-4F9C-B8A7-723F881D8E65}"
EndProject
Project("{FAE04EC0-301F-11D3-BF4B-00C04F79EFBC}") = "LesApp1", "LesApp1\LesApp1.csproj", "{09850DBB-E38E-4657-A34C-B9A163E1B83D}"
EndProject
Project("{FAE04EC0-301F-11D3-BF4B-00C04F79EFBC}") = "LesApp2", "LesApp2\LesApp2.csproj", "{4956E589-EAAE-44F0-B264-1CD49047F5BE}"
EndProject
Global
	GlobalSection(SolutionConfigurationPlatforms) = preSolution
		Debug|Any CPU = Debug|Any CPU
		Release|Any CPU = Release|Any CPU
	EndGlobalSection
	GlobalSection(ProjectConfigurationPlatforms) = postSolution
		{06382E27-210B-4F9C-B8A7-723F881D8E65}.Debug|Any CPU.ActiveCfg = Debug|Any CPU
		{06382E27-210B-4F9C-B8A7-723F881D8E65}.Debug|Any CPU.Build.0 = Debug|Any CPU
		{06382E27-210B-4F9C-B8A7-723F881D8E65}.Release|Any CPU.ActiveCfg = Release|Any CPU
		{06382E27-210B-4F9C-B8A7-723F881D8E65}.Release|Any CPU.Build.0 = Release|Any CPU
		{09850DBB-E38E-4657-A34C-B9A163E1B83D}.Debug|Any CPU.ActiveCfg = Debug|Any CPU
		{09850DBB-E38E-4657-A34C-B9A163E1B83D}.Debug|Any CPU.Build.0 = Debug|Any CPU
		{09850DBB-E38E-4657-A34C-B9A163E1B83D}.Release|Any CPU.ActiveCfg = Release|Any CPU
		{09850DBB-E38E-4657-A34C-B9A163E1B83D}.Release|Any CPU.Build.0 = Release|Any CPU
		{4956E589-EAAE-44F0-B264-1CD49047F5BE}.Debug|Any CPU.ActiveCfg = Debug|Any CPU
		{4956E589-EAAE-44F0-B264-1CD49047F5BE}.Debug|Any CPU.Build.0 = Debug|Any CPU
		{4956E589-EAAE-44F0-B264-1CD49047F5BE}.Release|Any CPU.ActiveCfg = Release|Any CPU
		{4956E589-EAAE-44F0-B264-1CD49047F5BE}.Release|Any CPU.Build.0 = Release|Any CPU
	EndGlobalSection
	GlobalSection(SolutionProperties) = preSolution
		HideSolutionNode = FALSE
	EndGlobalSection
	GlobalSection(ExtensibilityGlobals) = postSolution
		SolutionGuid = {5AA034F7-48A9-4325-A0A7-D688C7581FFB}
	EndGlobalSection
EndGlobal
